
Microsoft Visual Studio Solution File, Format Version 12.00
# Visual Studio Version 17
VisualStudioVersion = 17.11.35222.181
MinimumVisualStudioVersion = 10.0.40219.1
Project("{9A19103F-16F7-4668-BE54-9A1E7A4F7556}") = "BodySchedulerWebApi", "BodyShedule_v_2_0.Server\BodySchedulerWebApi.csproj", "{5A1D9947-1308-42C8-8A55-347FBB89556A}"
EndProject
Project("{54A90642-561A-4BB1-A94E-469ADEE60C69}") = "BodyShedulerClient", "bodyshedule_v_2_0.client\BodyShedulerClient.esproj", "{1F70C6E1-A909-4D84-BE14-0C908A393A31}"
EndProject
Project("{9A19103F-16F7-4668-BE54-9A1E7A4F7556}") = "Tests", "Tests\Tests.csproj", "{2A64974B-83F6-428B-AEE2-577E8FBF2E23}"
EndProject
Global
	GlobalSection(SolutionConfigurationPlatforms) = preSolution
		Debug|Any CPU = Debug|Any CPU
		Release|Any CPU = Release|Any CPU
	EndGlobalSection
	GlobalSection(ProjectConfigurationPlatforms) = postSolution
		{5A1D9947-1308-42C8-8A55-347FBB89556A}.Debug|Any CPU.ActiveCfg = Debug|Any CPU
		{5A1D9947-1308-42C8-8A55-347FBB89556A}.Debug|Any CPU.Build.0 = Debug|Any CPU
		{5A1D9947-1308-42C8-8A55-347FBB89556A}.Release|Any CPU.ActiveCfg = Release|Any CPU
		{5A1D9947-1308-42C8-8A55-347FBB89556A}.Release|Any CPU.Build.0 = Release|Any CPU
		{1F70C6E1-A909-4D84-BE14-0C908A393A31}.Debug|Any CPU.ActiveCfg = Debug|Any CPU
		{1F70C6E1-A909-4D84-BE14-0C908A393A31}.Debug|Any CPU.Build.0 = Debug|Any CPU
		{1F70C6E1-A909-4D84-BE14-0C908A393A31}.Release|Any CPU.ActiveCfg = Release|Any CPU
		{1F70C6E1-A909-4D84-BE14-0C908A393A31}.Release|Any CPU.Build.0 = Release|Any CPU
		{1F70C6E1-A909-4D84-BE14-0C908A393A31}.Release|Any CPU.Deploy.0 = Release|Any CPU
		{2A64974B-83F6-428B-AEE2-577E8FBF2E23}.Debug|Any CPU.ActiveCfg = Debug|Any CPU
		{2A64974B-83F6-428B-AEE2-577E8FBF2E23}.Debug|Any CPU.Build.0 = Debug|Any CPU
		{2A64974B-83F6-428B-AEE2-577E8FBF2E23}.Release|Any CPU.ActiveCfg = Release|Any CPU
		{2A64974B-83F6-428B-AEE2-577E8FBF2E23}.Release|Any CPU.Build.0 = Release|Any CPU
	EndGlobalSection
	GlobalSection(SolutionProperties) = preSolution
		HideSolutionNode = FALSE
	EndGlobalSection
	GlobalSection(ExtensibilityGlobals) = postSolution
		SolutionGuid = {F8378CA5-C091-4050-AED3-73B52A7D95CA}
	EndGlobalSection
EndGlobal
